{
  "_doc": [
    "Pins the private data repo commit that scripts/fetch-corpus.sh syncs into",
    "public/data + public/geojson when CORPUS_SOURCE=remote. With",
    "CORPUS_SOURCE unset or 'repo' this file is inert and the corpus comes",
    "from the git checkout. The data repo's toolchain.lock is the",
    "mirror-image pin in the other direction. Bump deliberately: deploys stay",
    "reproducible and rolling back the site rolls back the data.",
    "expected_files pins the per-root file counts at the locked commit - the",
    "fetch script refuses to sync a corpus that does not match them, so a",
    "missing or truncated root can never wipe the destination and report",
    "success.",
    "2026-08-17: the Kabini release, corpus-2026-08-17-kabini. Neither side of",
    "the main merge was right on its own - main pinned the Gurugram release",
    "(no Kabini), this branch pinned the Kabini release (cut before Kolkata and",
    "Gurugram, so it would have rolled two live cities back out). This is the",
    "union: 474 under data/ (410 + 18 city + 46 Kabini), 108 under geojson/."
  ],
  "repo": "github.com/SundareshPrasanna/neer-vazhvu-data",
  "sha": "9e558abb5046d2ca2ad3a59081ff83d8f708bf77",
  "expected_files": {
    "data": 474,
    "geojson": 108
  }
}
