{
  "_doc": [
    "Pins the private data repo commit that scripts/fetch-corpus.sh syncs into",
    "public/data + public/geojson when CORPUS_SOURCE=remote (serving-hardening",
    "P1). With CORPUS_SOURCE unset or 'repo' this file is inert and the corpus",
    "comes from the git checkout. The data repo's toolchain.lock is the",
    "mirror-image pin in the other direction. Bump deliberately: deploys stay",
    "reproducible and rolling back the site rolls back the data."
  ],
  "repo": "github.com/SundareshPrasanna/neer-vazhvu-data",
  "sha": "213162f863898ed608d6eb6d7f7d953b66290284"
}
